
Microsoft Visual Studio Solution File, Format Version 12.00
# Visual Studio Version 17
VisualStudioVersion = 17.14.36327.8
MinimumVisualStudioVersion = 10.0.40219.1
Project("{FAE04EC0-301F-11D3-BF4B-00C04F79EFBC}") = "TickerQDemo", "TickerQ\TickerQDemo.csproj", "{EEF30CF6-CEFE-44B9-BEA1-AE5C32119837}"
EndProject
Global
	GlobalSection(SolutionConfigurationPlatforms) = preSolution
		Debug|Any CPU = Debug|Any CPU
		Release|Any CPU = Release|Any CPU
	EndGlobalSection
	GlobalSection(ProjectConfigurationPlatforms) = postSolution
		{EEF30CF6-CEFE-44B9-BEA1-AE5C32119837}.Debug|Any CPU.ActiveCfg = Debug|Any CPU
		{EEF30CF6-CEFE-44B9-BEA1-AE5C32119837}.Debug|Any CPU.Build.0 = Debug|Any CPU
		{EEF30CF6-CEFE-44B9-BEA1-AE5C32119837}.Release|Any CPU.ActiveCfg = Release|Any CPU
		{EEF30CF6-CEFE-44B9-BEA1-AE5C32119837}.Release|Any CPU.Build.0 = Release|Any CPU
	EndGlobalSection
	GlobalSection(SolutionProperties) = preSolution
		HideSolutionNode = FALSE
	EndGlobalSection
	GlobalSection(ExtensibilityGlobals) = postSolution
		SolutionGuid = {5F460FF4-971C-46FB-879E-3963323EDDEF}
	EndGlobalSection
EndGlobal
